
Microsoft Visual Studio Solution File, Format Version 12.00
# Visual Studio Version 16
VisualStudioVersion = 16.0.30114.105
MinimumVisualStudioVersion = 10.0.40219.1
Project("{FAE04EC0-301F-11D3-BF4B-00C04F79EFBC}") = "ReservationAPI", "ReservationAPI\ReservationAPI.csproj", "{081CB605-532D-4628-B0C8-C3569810841A}"
EndProject
Global
	GlobalSection(SolutionConfigurationPlatforms) = preSolution
		Debug|Any CPU = Debug|Any CPU
		Release|Any CPU = Release|Any CPU
	EndGlobalSection
	GlobalSection(ProjectConfigurationPlatforms) = postSolution
		{081CB605-532D-4628-B0C8-C3569810841A}.Debug|Any CPU.ActiveCfg = Debug|Any CPU
		{081CB605-532D-4628-B0C8-C3569810841A}.Debug|Any CPU.Build.0 = Debug|Any CPU
		{081CB605-532D-4628-B0C8-C3569810841A}.Release|Any CPU.ActiveCfg = Release|Any CPU
		{081CB605-532D-4628-B0C8-C3569810841A}.Release|Any CPU.Build.0 = Release|Any CPU
	EndGlobalSection
	GlobalSection(SolutionProperties) = preSolution
		HideSolutionNode = FALSE
	EndGlobalSection
	GlobalSection(ExtensibilityGlobals) = postSolution
		SolutionGuid = {559C90E2-3607-40E6-9087-F1B1B2EEDAD1}
	EndGlobalSection
EndGlobal
